github.com/Artemis-Cooperative/alpha v0.0.0-20241015200556-1646b92f8d9b/go.mod h1:K/URGx+qs1T/jj+SAH3ErcowhA9rLg7kFr6Skp7ZFfc=
github.com/Artemis-Cooperative/interfaces v0.0.0-20241015200816-8f159be97a9c h1:i6sL9TlAODWg4WMZQRnW6dCx5X5LBjQG3nq8BgsmBfs=
github.com/Artemis-Cooperative/interfaces v0.0.0-20241015200816-8f159be97a9c/go.mod h1:Sd+tjfrWPgR5mCzBKipSXYkRFmz7P/GF2ILWmtqEONk=
